// !$*UTF8*$!
{
	archiveVersion = 1;
	classes = {
	};
	objectVersion = 46;
	objects = {

/* Begin PBXBuildFile section */
		7FE099FA1C08D74F00ACB80A /* main.m in Sources */ = {isa = PBXBuildFile; fileRef = 7FE099F91C08D74F00ACB80A /* main.m */; };
		7FE099FD1C08D74F00ACB80A /* AppDelegate.m in Sources */ = {isa = PBXBuildFile; fileRef = 7FE099FC1C08D74F00ACB80A /* AppDelegate.m */; };
		7FE09A001C08D74F00ACB80A /* YARootViewController.m in Sources */ = {isa = PBXBuildFile; fileRef = 7FE099FF1C08D74F00ACB80A /* YARootViewController.m */; };
		7FE09A051C08D74F00ACB80A /* Assets.xcassets in Resources */ = {isa = PBXBuildFile; fileRef = 7FE09A041C08D74F00ACB80A /* Assets.xcassets */; };
		7FE09A081C08D74F00ACB80A /* LaunchScreen.storyboard in Resources */ = {isa = PBXBuildFile; fileRef = 7FE09A061C08D74F00ACB80A /* LaunchScreen.storyboard */; };
		7FE09A131C08D75000ACB80A /* Yelp_Api_AppTests.m in Sources */ = {isa = PBXBuildFile; fileRef = 7FE09A121C08D75000ACB80A /* Yelp_Api_AppTests.m */; };
		7FE09A1E1C08D75000ACB80A /* Yelp_Api_AppUITests.m in Sources */ = {isa = PBXBuildFile; fileRef = 7FE09A1D1C08D75000ACB80A /* Yelp_Api_AppUITests.m */; };
		7FE09A2E1C08DC6500ACB80A /* YANetworkManager.m in Sources */ = {isa = PBXBuildFile; fileRef = 7FE09A2D1C08DC6500ACB80A /* YANetworkManager.m */; };
		7FE09A321C08DD6600ACB80A /* YAConstants.m in Sources */ = {isa = PBXBuildFile; fileRef = 7FE09A311C08DD6600ACB80A /* YAConstants.m */; };
		7FE09A4B1C08E3FA00ACB80A /* AFHTTPRequestOperation.m in Sources */ = {isa = PBXBuildFile; fileRef = 7FE09A391C08E3FA00ACB80A /* AFHTTPRequestOperation.m */; };
		7FE09A4C1C08E3FA00ACB80A /* AFHTTPRequestOperationManager.m in Sources */ = {isa = PBXBuildFile; fileRef = 7FE09A3B1C08E3FA00ACB80A /* AFHTTPRequestOperationManager.m */; };
		7FE09A4D1C08E3FA00ACB80A /* AFHTTPSessionManager.m in Sources */ = {isa = PBXBuildFile; fileRef = 7FE09A3D1C08E3FA00ACB80A /* AFHTTPSessionManager.m */; };
		7FE09A4E1C08E3FA00ACB80A /* AFNetworkReachabilityManager.m in Sources */ = {isa = PBXBuildFile; fileRef = 7FE09A401C08E3FA00ACB80A /* AFNetworkReachabilityManager.m */; };
		7FE09A4F1C08E3FA00ACB80A /* AFSecurityPolicy.m in Sources */ = {isa = PBXBuildFile; fileRef = 7FE09A421C08E3FA00ACB80A /* AFSecurityPolicy.m */; };
		7FE09A501C08E3FA00ACB80A /* AFURLConnectionOperation.m in Sources */ = {isa = PBXBuildFile; fileRef = 7FE09A441C08E3FA00ACB80A /* AFURLConnectionOperation.m */; };
		7FE09A511C08E3FA00ACB80A /* AFURLRequestSerialization.m in Sources */ = {isa = PBXBuildFile; fileRef = 7FE09A461C08E3FA00ACB80A /* AFURLRequestSerialization.m */; };
		7FE09A521C08E3FA00ACB80A /* AFURLResponseSerialization.m in Sources */ = {isa = PBXBuildFile; fileRef = 7FE09A481C08E3FA00ACB80A /* AFURLResponseSerialization.m */; };
		7FE09A531C08E3FA00ACB80A /* AFURLSessionManager.m in Sources */ = {isa = PBXBuildFile; fileRef = 7FE09A4A1C08E3FA00ACB80A /* AFURLSessionManager.m */; };
		7FE09A571C08E8C300ACB80A /* TDOAuth.m in Sources */ = {isa = PBXBuildFile; fileRef = 7FE09A561C08E8C300ACB80A /* TDOAuth.m */; };
/* End PBXBuildFile section */

/* Begin PBXContainerItemProxy section */
		7FE09A0F1C08D74F00ACB80A /* PBXContainerItemProxy */ = {
			isa = PBXContainerItemProxy;
			containerPortal = 7FE099ED1C08D74F00ACB80A /* Project object */;
			proxyType = 1;
			remoteGlobalIDString = 7FE099F41C08D74F00ACB80A;
			remoteInfo = "Yelp Api App";
		};
		7FE09A1A1C08D75000ACB80A /* PBXContainerItemProxy */ = {
			isa = PBXContainerItemProxy;
			containerPortal = 7FE099ED1C08D74F00ACB80A /* Project object */;
			proxyType = 1;
			remoteGlobalIDString = 7FE099F41C08D74F00ACB80A;
			remoteInfo = "Yelp Api App";
		};
/* End PBXContainerItemProxy section */

/* Begin PBXFileReference section */
		7FE099F51C08D74F00ACB80A /* Yelp Api App.app */ = {isa = PBXFileReference; explicitFileType = wrapper.application; includeInIndex = 0; path = "Yelp Api App.app"; sourceTree = BUILT_PRODUCTS_DIR; };
		7FE099F91C08D74F00ACB80A /* main.m */ = {isa = PBXFileReference; lastKnownFileType = sourcecode.c.objc; path = main.m; sourceTree = "<group>"; };
		7FE099FB1C08D74F00ACB80A /* AppDelegate.h */ = {isa = PBXFileReference; lastKnownFileType = sourcecode.c.h; path = AppDelegate.h; sourceTree = "<group>"; };
		7FE099FC1C08D74F00ACB80A /* AppDelegate.m */ = {isa = PBXFileReference; lastKnownFileType = sourcecode.c.objc; path = AppDelegate.m; sourceTree = "<group>"; };
		7FE099FE1C08D74F00ACB80A /* YARootViewController.h */ = {isa = PBXFileReference; lastKnownFileType = sourcecode.c.h; path = YARootViewController.h; sourceTree = "<group>"; };
		7FE099FF1C08D74F00ACB80A /* YARootViewController.m */ = {isa = PBXFileReference; lastKnownFileType = sourcecode.c.objc; path = YARootViewController.m; sourceTree = "<group>"; };
		7FE09A041C08D74F00ACB80A /* Assets.xcassets */ = {isa = PBXFileReference; lastKnownFileType = folder.assetcatalog; path = Assets.xcassets; sourceTree = "<group>"; };
		7FE09A071C08D74F00ACB80A /* Base */ = {isa = PBXFileReference; lastKnownFileType = file.storyboard; name = Base; path = Base.lproj/LaunchScreen.storyboard; sourceTree = "<group>"; };
		7FE09A091C08D74F00ACB80A /* Info.plist */ = {isa = PBXFileReference; lastKnownFileType = text.plist.xml; path = Info.plist; sourceTree = "<group>"; };
		7FE09A0E1C08D74F00ACB80A /* Yelp Api AppTests.xctest */ = {isa = PBXFileReference; explicitFileType = wrapper.cfbundle; includeInIndex = 0; path = "Yelp Api AppTests.xctest"; sourceTree = BUILT_PRODUCTS_DIR; };
		7FE09A121C08D75000ACB80A /* Yelp_Api_AppTests.m */ = {isa = PBXFileReference; lastKnownFileType = sourcecode.c.objc; path = Yelp_Api_AppTests.m; sourceTree = "<group>"; };
		7FE09A141C08D75000ACB80A /* Info.plist */ = {isa = PBXFileReference; lastKnownFileType = text.plist.xml; path = Info.plist; sourceTree = "<group>"; };
		7FE09A191C08D75000ACB80A /* Yelp Api AppUITests.xctest */ = {isa = PBXFileReference; explicitFileType = wrapper.cfbundle; includeInIndex = 0; path = "Yelp Api AppUITests.xctest"; sourceTree = BUILT_PRODUCTS_DIR; };
		7FE09A1D1C08D75000ACB80A /* Yelp_Api_AppUITests.m */ = {isa = PBXFileReference; lastKnownFileType = sourcecode.c.objc; path = Yelp_Api_AppUITests.m; sourceTree = "<group>"; };
		7FE09A1F1C08D75000ACB80A /* Info.plist */ = {isa = PBXFileReference; lastKnownFileType = text.plist.xml; path = Info.plist; sourceTree = "<group>"; };
		7FE09A2C1C08DC6500ACB80A /* YANetworkManager.h */ = {isa = PBXFileReference; fileEncoding = 4; lastKnownFileType = sourcecode.c.h; path = YANetworkManager.h; sourceTree = "<group>"; };
		7FE09A2D1C08DC6500ACB80A /* YANetworkManager.m */ = {isa = PBXFileReference; fileEncoding = 4; lastKnownFileType = sourcecode.c.objc; path = YANetworkManager.m; sourceTree = "<group>"; };
		7FE09A301C08DD5000ACB80A /* YAConstants.h */ = {isa = PBXFileReference; fileEncoding = 4; lastKnownFileType = sourcecode.c.h; path = YAConstants.h; sourceTree = "<group>"; };
		7FE09A311C08DD6600ACB80A /* YAConstants.m */ = {isa = PBXFileReference; fileEncoding = 4; lastKnownFileType = sourcecode.c.objc; path = YAConstants.m; sourceTree = "<group>"; };
		7FE09A351C08DE3200ACB80A /* YelpApiApp-Prefix.pch */ = {isa = PBXFileReference; fileEncoding = 4; lastKnownFileType = sourcecode.c.h; path = "YelpApiApp-Prefix.pch"; sourceTree = "<group>"; };
		7FE09A381C08E3FA00ACB80A /* AFHTTPRequestOperation.h */ = {isa = PBXFileReference; fileEncoding = 4; lastKnownFileType = sourcecode.c.h; path = AFHTTPRequestOperation.h; sourceTree = "<group>"; };
		7FE09A391C08E3FA00ACB80A /* AFHTTPRequestOperation.m */ = {isa = PBXFileReference; fileEncoding = 4; lastKnownFileType = sourcecode.c.objc; path = AFHTTPRequestOperation.m; sourceTree = "<group>"; };
		7FE09A3A1C08E3FA00ACB80A /* AFHTTPRequestOperationManager.h */ = {isa = PBXFileReference; fileEncoding = 4; lastKnownFileType = sourcecode.c.h; path = AFHTTPRequestOperationManager.h; sourceTree = "<group>"; };
		7FE09A3B1C08E3FA00ACB80A /* AFHTTPRequestOperationManager.m */ = {isa = PBXFileReference; fileEncoding = 4; lastKnownFileType = sourcecode.c.objc; path = AFHTTPRequestOperationManager.m; sourceTree = "<group>"; };
		7FE09A3C1C08E3FA00ACB80A /* AFHTTPSessionManager.h */ = {isa = PBXFileReference; fileEncoding = 4; lastKnownFileType = sourcecode.c.h; path = AFHTTPSessionManager.h; sourceTree = "<group>"; };
		7FE09A3D1C08E3FA00ACB80A /* AFHTTPSessionManager.m */ = {isa = PBXFileReference; fileEncoding = 4; lastKnownFileType = sourcecode.c.objc; path = AFHTTPSessionManager.m; sourceTree = "<group>"; };
		7FE09A3E1C08E3FA00ACB80A /* AFNetworking.h */ = {isa = PBXFileReference; fileEncoding = 4; lastKnownFileType = sourcecode.c.h; path = AFNetworking.h; sourceTree = "<group>"; };
		7FE09A3F1C08E3FA00ACB80A /* AFNetworkReachabilityManager.h */ = {isa = PBXFileReference; fileEncoding = 4; lastKnownFileType = sourcecode.c.h; path = AFNetworkReachabilityManager.h; sourceTree = "<group>"; };
		7FE09A401C08E3FA00ACB80A /* AFNetworkReachabilityManager.m */ = {isa = PBXFileReference; fileEncoding = 4; lastKnownFileType = sourcecode.c.objc; path = AFNetworkReachabilityManager.m; sourceTree = "<group>"; };
		7FE09A411C08E3FA00ACB80A /* AFSecurityPolicy.h */ = {isa = PBXFileReference; fileEncoding = 4; lastKnownFileType = sourcecode.c.h; path = AFSecurityPolicy.h; sourceTree = "<group>"; };
		7FE09A421C08E3FA00ACB80A /* AFSecurityPolicy.m */ = {isa = PBXFileReference; fileEncoding = 4; lastKnownFileType = sourcecode.c.objc; path = AFSecurityPolicy.m; sourceTree = "<group>"; };
		7FE09A431C08E3FA00ACB80A /* AFURLConnectionOperation.h */ = {isa = PBXFileReference; fileEncoding = 4; lastKnownFileType = sourcecode.c.h; path = AFURLConnectionOperation.h; sourceTree = "<group>"; };
		7FE09A441C08E3FA00ACB80A /* AFURLConnectionOperation.m */ = {isa = PBXFileReference; fileEncoding = 4; lastKnownFileType = sourcecode.c.objc; path = AFURLConnectionOperation.m; sourceTree = "<group>"; };
		7FE09A451C08E3FA00ACB80A /* AFURLRequestSerialization.h */ = {isa = PBXFileReference; fileEncoding = 4; lastKnownFileType = sourcecode.c.h; path = AFURLRequestSerialization.h; sourceTree = "<group>"; };
		7FE09A461C08E3FA00ACB80A /* AFURLRequestSerialization.m */ = {isa = PBXFileReference; fileEncoding = 4; lastKnownFileType = sourcecode.c.objc; path = AFURLRequestSerialization.m; sourceTree = "<group>"; };
		7FE09A471C08E3FA00ACB80A /* AFURLResponseSerialization.h */ = {isa = PBXFileReference; fileEncoding = 4; lastKnownFileType = sourcecode.c.h; path = AFURLResponseSerialization.h; sourceTree = "<group>"; };
		7FE09A481C08E3FA00ACB80A /* AFURLResponseSerialization.m */ = {isa = PBXFileReference; fileEncoding = 4; lastKnownFileType = sourcecode.c.objc; path = AFURLResponseSerialization.m; sourceTree = "<group>"; };
		7FE09A491C08E3FA00ACB80A /* AFURLSessionManager.h */ = {isa = PBXFileReference; fileEncoding = 4; lastKnownFileType = sourcecode.c.h; path = AFURLSessionManager.h; sourceTree = "<group>"; };
		7FE09A4A1C08E3FA00ACB80A /* AFURLSessionManager.m */ = {isa = PBXFileReference; fileEncoding = 4; lastKnownFileType = sourcecode.c.objc; path = AFURLSessionManager.m; sourceTree = "<group>"; };
		7FE09A551C08E8C300ACB80A /* TDOAuth.h */ = {isa = PBXFileReference; fileEncoding = 4; lastKnownFileType = sourcecode.c.h; path = TDOAuth.h; sourceTree = "<group>"; };
		7FE09A561C08E8C300ACB80A /* TDOAuth.m */ = {isa = PBXFileReference; fileEncoding = 4; lastKnownFileType = sourcecode.c.objc; path = TDOAuth.m; sourceTree = "<group>"; };
/* End PBXFileReference section */

/* Begin PBXFrameworksBuildPhase section */
		7FE099F21C08D74F00ACB80A /* Frameworks */ = {
			isa = PBXFrameworksBuildPhase;
			buildActionMask = 2147483647;
			files = (
			);
			runOnlyForDeploymentPostprocessing = 0;
		};
		7FE09A0B1C08D74F00ACB80A /* Frameworks */ = {
			isa = PBXFrameworksBuildPhase;
			buildActionMask = 2147483647;
			files = (
			);
			runOnlyForDeploymentPostprocessing = 0;
		};
		7FE09A161C08D75000ACB80A /* Frameworks */ = {
			isa = PBXFrameworksBuildPhase;
			buildActionMask = 2147483647;
			files = (
			);
			runOnlyForDeploymentPostprocessing = 0;
		};
/* End PBXFrameworksBuildPhase section */

/* Begin PBXGroup section */
		7FE099EC1C08D74F00ACB80A = {
			isa = PBXGroup;
			children = (
				7FE099F71C08D74F00ACB80A /* Yelp Api App */,
				7FE09A111C08D74F00ACB80A /* Yelp Api AppTests */,
				7FE09A1C1C08D75000ACB80A /* Yelp Api AppUITests */,
				7FE099F61C08D74F00ACB80A /* Products */,
			);
			sourceTree = "<group>";
		};
		7FE099F61C08D74F00ACB80A /* Products */ = {
			isa = PBXGroup;
			children = (
				7FE099F51C08D74F00ACB80A /* Yelp Api App.app */,
				7FE09A0E1C08D74F00ACB80A /* Yelp Api AppTests.xctest */,
				7FE09A191C08D75000ACB80A /* Yelp Api AppUITests.xctest */,
			);
			name = Products;
			sourceTree = "<group>";
		};
		7FE099F71C08D74F00ACB80A /* Yelp Api App */ = {
			isa = PBXGroup;
			children = (
				7FE09A361C08E3FA00ACB80A /* Frameworks */,
				7FE09A2F1C08DD3800ACB80A /* Constants */,
				7FE09A2B1C08DC1F00ACB80A /* Yelp Api Manager */,
				7FE099FB1C08D74F00ACB80A /* AppDelegate.h */,
				7FE099FC1C08D74F00ACB80A /* AppDelegate.m */,
				7FE099FE1C08D74F00ACB80A /* YARootViewController.h */,
				7FE099FF1C08D74F00ACB80A /* YARootViewController.m */,
				7FE09A351C08DE3200ACB80A /* YelpApiApp-Prefix.pch */,
				7FE09A041C08D74F00ACB80A /* Assets.xcassets */,
				7FE09A061C08D74F00ACB80A /* LaunchScreen.storyboard */,
				7FE09A091C08D74F00ACB80A /* Info.plist */,
				7FE099F81C08D74F00ACB80A /* Supporting Files */,
			);
			path = "Yelp Api App";
			sourceTree = "<group>";
		};
		7FE099F81C08D74F00ACB80A /* Supporting Files */ = {
			isa = PBXGroup;
			children = (
				7FE099F91C08D74F00ACB80A /* main.m */,
			);
			name = "Supporting Files";
			sourceTree = "<group>";
		};
		7FE09A111C08D74F00ACB80A /* Yelp Api AppTests */ = {
			isa = PBXGroup;
			children = (
				7FE09A121C08D75000ACB80A /* Yelp_Api_AppTests.m */,
				7FE09A141C08D75000ACB80A /* Info.plist */,
			);
			path = "Yelp Api AppTests";
			sourceTree = "<group>";
		};
		7FE09A1C1C08D75000ACB80A /* Yelp Api AppUITests */ = {
			isa = PBXGroup;
			children = (
				7FE09A1D1C08D75000ACB80A /* Yelp_Api_AppUITests.m */,
				7FE09A1F1C08D75000ACB80A /* Info.plist */,
			);
			path = "Yelp Api AppUITests";
			sourceTree = "<group>";
		};
		7FE09A2B1C08DC1F00ACB80A /* Yelp Api Manager */ = {
			isa = PBXGroup;
			children = (
				7FE09A2C1C08DC6500ACB80A /* YANetworkManager.h */,
				7FE09A2D1C08DC6500ACB80A /* YANetworkManager.m */,
			);
			path = "Yelp Api Manager";
			sourceTree = "<group>";
		};
		7FE09A2F1C08DD3800ACB80A /* Constants */ = {
			isa = PBXGroup;
			children = (
				7FE09A301C08DD5000ACB80A /* YAConstants.h */,
				7FE09A311C08DD6600ACB80A /* YAConstants.m */,
			);
			path = Constants;
			sourceTree = "<group>";
		};
		7FE09A361C08E3FA00ACB80A /* Frameworks */ = {
			isa = PBXGroup;
			children = (
				7FE09A541C08E8C300ACB80A /* TDOAuth */,
				7FE09A371C08E3FA00ACB80A /* AFNetworking */,
			);
			path = Frameworks;
			sourceTree = "<group>";
		};
		7FE09A371C08E3FA00ACB80A /* AFNetworking */ = {
			isa = PBXGroup;
			children = (
				7FE09A381C08E3FA00ACB80A /* AFHTTPRequestOperation.h */,
				7FE09A391C08E3FA00ACB80A /* AFHTTPRequestOperation.m */,
				7FE09A3A1C08E3FA00ACB80A /* AFHTTPRequestOperationManager.h */,
				7FE09A3B1C08E3FA00ACB80A /* AFHTTPRequestOperationManager.m */,
				7FE09A3C1C08E3FA00ACB80A /* AFHTTPSessionManager.h */,
				7FE09A3D1C08E3FA00ACB80A /* AFHTTPSessionManager.m */,
				7FE09A3E1C08E3FA00ACB80A /* AFNetworking.h */,
				7FE09A3F1C08E3FA00ACB80A /* AFNetworkReachabilityManager.h */,
				7FE09A401C08E3FA00ACB80A /* AFNetworkReachabilityManager.m */,
				7FE09A411C08E3FA00ACB80A /* AFSecurityPolicy.h */,
				7FE09A421C08E3FA00ACB80A /* AFSecurityPolicy.m */,
				7FE09A431C08E3FA00ACB80A /* AFURLConnectionOperation.h */,
				7FE09A441C08E3FA00ACB80A /* AFURLConnectionOperation.m */,
				7FE09A451C08E3FA00ACB80A /* AFURLRequestSerialization.h */,
				7FE09A461C08E3FA00ACB80A /* AFURLRequestSerialization.m */,
				7FE09A471C08E3FA00ACB80A /* AFURLResponseSerialization.h */,
				7FE09A481C08E3FA00ACB80A /* AFURLResponseSerialization.m */,
				7FE09A491C08E3FA00ACB80A /* AFURLSessionManager.h */,
				7FE09A4A1C08E3FA00ACB80A /* AFURLSessionManager.m */,
			);
			path = AFNetworking;
			sourceTree = "<group>";
		};
		7FE09A541C08E8C300ACB80A /* TDOAuth */ = {
			isa = PBXGroup;
			children = (
				7FE09A551C08E8C300ACB80A /* TDOAuth.h */,
				7FE09A561C08E8C300ACB80A /* TDOAuth.m */,
			);
			path = TDOAuth;
			sourceTree = "<group>";
		};
/* End PBXGroup section */

/* Begin PBXNativeTarget section */
		7FE099F41C08D74F00ACB80A /* Yelp Api App */ = {
			isa = PBXNativeTarget;
			buildConfigurationList = 7FE09A221C08D75000ACB80A /* Build configuration list for PBXNativeTarget "Yelp Api App" */;
			buildPhases = (
				7FE099F11C08D74F00ACB80A /* Sources */,
				7FE099F21C08D74F00ACB80A /* Frameworks */,
				7FE099F31C08D74F00ACB80A /* Resources */,
			);
			buildRules = (
			);
			dependencies = (
			);
			name = "Yelp Api App";
			productName = "Yelp Api App";
			productReference = 7FE099F51C08D74F00ACB80A /* Yelp Api App.app */;
			productType = "com.apple.product-type.application";
		};
		7FE09A0D1C08D74F00ACB80A /* Yelp Api AppTests */ = {
			isa = PBXNativeTarget;
			buildConfigurationList = 7FE09A251C08D75000ACB80A /* Build configuration list for PBXNativeTarget "Yelp Api AppTests" */;
			buildPhases = (
				7FE09A0A1C08D74F00ACB80A /* Sources */,
				7FE09A0B1C08D74F00ACB80A /* Frameworks */,
				7FE09A0C1C08D74F00ACB80A /* Resources */,
			);
			buildRules = (
			);
			dependencies = (
				7FE09A101C08D74F00ACB80A /* PBXTargetDependency */,
			);
			name = "Yelp Api AppTests";
			productName = "Yelp Api AppTests";
			productReference = 7FE09A0E1C08D74F00ACB80A /* Yelp Api AppTests.xctest */;
			productType = "com.apple.product-type.bundle.unit-test";
		};
		7FE09A181C08D75000ACB80A /* Yelp Api AppUITests */ = {
			isa = PBXNativeTarget;
			buildConfigurationList = 7FE09A281C08D75000ACB80A /* Build configuration list for PBXNativeTarget "Yelp Api AppUITests" */;
			buildPhases = (
				7FE09A151C08D75000ACB80A /* Sources */,
				7FE09A161C08D75000ACB80A /* Frameworks */,
				7FE09A171C08D75000ACB80A /* Resources */,
			);
			buildRules = (
			);
			dependencies = (
				7FE09A1B1C08D75000ACB80A /* PBXTargetDependency */,
			);
			name = "Yelp Api AppUITests";
			productName = "Yelp Api AppUITests";
			productReference = 7FE09A191C08D75000ACB80A /* Yelp Api AppUITests.xctest */;
			productType = "com.apple.product-type.bundle.ui-testing";
		};
/* End PBXNativeTarget section */

/* Begin PBXProject section */
		7FE099ED1C08D74F00ACB80A /* Project object */ = {
			isa = PBXProject;
			attributes = {
				LastUpgradeCheck = 0710;
				ORGANIZATIONNAME = "Jorge Valbuena";
				TargetAttributes = {
					7FE099F41C08D74F00ACB80A = {
						CreatedOnToolsVersion = 7.1.1;
					};
					7FE09A0D1C08D74F00ACB80A = {
						CreatedOnToolsVersion = 7.1.1;
						TestTargetID = 7FE099F41C08D74F00ACB80A;
					};
					7FE09A181C08D75000ACB80A = {
						CreatedOnToolsVersion = 7.1.1;
						TestTargetID = 7FE099F41C08D74F00ACB80A;
					};
				};
			};
			buildConfigurationList = 7FE099F01C08D74F00ACB80A /* Build configuration list for PBXProject "Yelp Api App" */;
			compatibilityVersion = "Xcode 3.2";
			developmentRegion = English;
			hasScannedForEncodings = 0;
			knownRegions = (
				en,
				Base,
			);
			mainGroup = 7FE099EC1C08D74F00ACB80A;
			productRefGroup = 7FE099F61C08D74F00ACB80A /* Products */;
			projectDirPath = "";
			projectRoot = "";
			targets = (
				7FE099F41C08D74F00ACB80A /* Yelp Api App */,
				7FE09A0D1C08D74F00ACB80A /* Yelp Api AppTests */,
				7FE09A181C08D75000ACB80A /* Yelp Api AppUITests */,
			);
		};
/* End PBXProject section */

/* Begin PBXResourcesBuildPhase section */
		7FE099F31C08D74F00ACB80A /* Resources */ = {
			isa = PBXResourcesBuildPhase;
			buildActionMask = 2147483647;
			files = (
				7FE09A081C08D74F00ACB80A /* LaunchScreen.storyboard in Resources */,
				7FE09A051C08D74F00ACB80A /* Assets.xcassets in Resources */,
			);
			runOnlyForDeploymentPostprocessing = 0;
		};
		7FE09A0C1C08D74F00ACB80A /* Resources */ = {
			isa = PBXResourcesBuildPhase;
			buildActionMask = 2147483647;
			files = (
			);
			runOnlyForDeploymentPostprocessing = 0;
		};
		7FE09A171C08D75000ACB80A /* Resources */ = {
			isa = PBXResourcesBuildPhase;
			buildActionMask = 2147483647;
			files = (
			);
			runOnlyForDeploymentPostprocessing = 0;
		};
/* End PBXResourcesBuildPhase section */

/* Begin PBXSourcesBuildPhase section */
		7FE099F11C08D74F00ACB80A /* Sources */ = {
			isa = PBXSourcesBuildPhase;
			buildActionMask = 2147483647;
			files = (
				7FE09A501C08E3FA00ACB80A /* AFURLConnectionOperation.m in Sources */,
				7FE09A4B1C08E3FA00ACB80A /* AFHTTPRequestOperation.m in Sources */,
				7FE09A4E1C08E3FA00ACB80A /* AFNetworkReachabilityManager.m in Sources */,
				7FE09A531C08E3FA00ACB80A /* AFURLSessionManager.m in Sources */,
				7FE09A511C08E3FA00ACB80A /* AFURLRequestSerialization.m in Sources */,
				7FE09A321C08DD6600ACB80A /* YAConstants.m in Sources */,
				7FE09A521C08E3FA00ACB80A /* AFURLResponseSerialization.m in Sources */,
				7FE09A2E1C08DC6500ACB80A /* YANetworkManager.m in Sources */,
				7FE09A001C08D74F00ACB80A /* YARootViewController.m in Sources */,
				7FE09A4C1C08E3FA00ACB80A /* AFHTTPRequestOperationManager.m in Sources */,
				7FE09A4F1C08E3FA00ACB80A /* AFSecurityPolicy.m in Sources */,
				7FE099FD1C08D74F00ACB80A /* AppDelegate.m in Sources */,
				7FE099FA1C08D74F00ACB80A /* main.m in Sources */,
				7FE09A571C08E8C300ACB80A /* TDOAuth.m in Sources */,
				7FE09A4D1C08E3FA00ACB80A /* AFHTTPSessionManager.m in Sources */,
			);
			runOnlyForDeploymentPostprocessing = 0;
		};
		7FE09A0A1C08D74F00ACB80A /* Sources */ = {
			isa = PBXSourcesBuildPhase;
			buildActionMask = 2147483647;
			files = (
				7FE09A131C08D75000ACB80A /* Yelp_Api_AppTests.m in Sources */,
			);
			runOnlyForDeploymentPostprocessing = 0;
		};
		7FE09A151C08D75000ACB80A /* Sources */ = {
			isa = PBXSourcesBuildPhase;
			buildActionMask = 2147483647;
			files = (
				7FE09A1E1C08D75000ACB80A /* Yelp_Api_AppUITests.m in Sources */,
			);
			runOnlyForDeploymentPostprocessing = 0;
		};
/* End PBXSourcesBuildPhase section */

/* Begin PBXTargetDependency section */
		7FE09A101C08D74F00ACB80A /* PBXTargetDependency */ = {
			isa = PBXTargetDependency;
			target = 7FE099F41C08D74F00ACB80A /* Yelp Api App */;
			targetProxy = 7FE09A0F1C08D74F00ACB80A /* PBXContainerItemProxy */;
		};
		7FE09A1B1C08D75000ACB80A /* PBXTargetDependency */ = {
			isa = PBXTargetDependency;
			target = 7FE099F41C08D74F00ACB80A /* Yelp Api App */;
			targetProxy = 7FE09A1A1C08D75000ACB80A /* PBXContainerItemProxy */;
		};
/* End PBXTargetDependency section */

/* Begin PBXVariantGroup section */
		7FE09A061C08D74F00ACB80A /* LaunchScreen.storyboard */ = {
			isa = PBXVariantGroup;
			children = (
				7FE09A071C08D74F00ACB80A /* Base */,
			);
			name = LaunchScreen.storyboard;
			sourceTree = "<group>";
		};
/* End PBXVariantGroup section */

/* Begin XCBuildConfiguration section */
		7FE09A201C08D75000ACB80A /* Debug */ = {
			isa = XCBuildConfiguration;
			buildSettings = {
				ALWAYS_SEARCH_USER_PATHS = NO;
				CLANG_CXX_LANGUAGE_STANDARD = "gnu++0x";
				CLANG_CXX_LIBRARY = "libc++";
				CLANG_ENABLE_MODULES = YES;
				CLANG_ENABLE_OBJC_ARC = YES;
				CLANG_WARN_BOOL_CONVERSION = YES;
				CLANG_WARN_CONSTANT_CONVERSION = YES;
				CLANG_WARN_DIRECT_OBJC_ISA_USAGE = YES_ERROR;
				CLANG_WARN_EMPTY_BODY = YES;
				CLANG_WARN_ENUM_CONVERSION = YES;
				CLANG_WARN_INT_CONVERSION = YES;
				CLANG_WARN_OBJC_ROOT_CLASS = YES_ERROR;
				CLANG_WARN_UNREACHABLE_CODE = YES;
				CLANG_WARN__DUPLICATE_METHOD_MATCH = YES;
				"CODE_SIGN_IDENTITY[sdk=iphoneos*]" = "iPhone Developer";
				COPY_PHASE_STRIP = NO;
				DEBUG_INFORMATION_FORMAT = dwarf;
				ENABLE_STRICT_OBJC_MSGSEND = YES;
				ENABLE_TESTABILITY = YES;
				GCC_C_LANGUAGE_STANDARD = gnu99;
				GCC_DYNAMIC_NO_PIC = NO;
				GCC_NO_COMMON_BLOCKS = YES;
				GCC_OPTIMIZATION_LEVEL = 0;
				GCC_PREPROCESSOR_DEFINITIONS = (
					"DEBUG=1",
					"$(inherited)",
				);
				GCC_WARN_64_TO_32_BIT_CONVERSION = YES;
				GCC_WARN_ABOUT_RETURN_TYPE = YES_ERROR;
				GCC_WARN_UNDECLARED_SELECTOR = YES;
				GCC_WARN_UNINITIALIZED_AUTOS = YES_AGGRESSIVE;
				GCC_WARN_UNUSED_FUNCTION = YES;
				GCC_WARN_UNUSED_VARIABLE = YES;
				IPHONEOS_DEPLOYMENT_TARGET = 9.1;
				MTL_ENABLE_DEBUG_INFO = YES;
				ONLY_ACTIVE_ARCH = YES;
				SDKROOT = iphoneos;
				TARGETED_DEVICE_FAMILY = "1,2";
			};
			name = Debug;
		};
		7FE09A211C08D75000ACB80A /* Release */ = {
			isa = XCBuildConfiguration;
			buildSettings = {
				ALWAYS_SEARCH_USER_PATHS = NO;
				CLANG_CXX_LANGUAGE_STANDARD = "gnu++0x";
				CLANG_CXX_LIBRARY = "libc++";
				CLANG_ENABLE_MODULES = YES;
				CLANG_ENABLE_OBJC_ARC = YES;
				CLANG_WARN_BOOL_CONVERSION = YES;
				CLANG_WARN_CONSTANT_CONVERSION = YES;
				CLANG_WARN_DIRECT_OBJC_ISA_USAGE = YES_ERROR;
				CLANG_WARN_EMPTY_BODY = YES;
				CLANG_WARN_ENUM_CONVERSION = YES;
				CLANG_WARN_INT_CONVERSION = YES;
				CLANG_WARN_OBJC_ROOT_CLASS = YES_ERROR;
				CLANG_WARN_UNREACHABLE_CODE = YES;
				CLANG_WARN__DUPLICATE_METHOD_MATCH = YES;
				"CODE_SIGN_IDENTITY[sdk=iphoneos*]" = "iPhone Developer";
				COPY_PHASE_STRIP = NO;
				DEBUG_INFORMATION_FORMAT = "dwarf-with-dsym";
				ENABLE_NS_ASSERTIONS = NO;
				ENABLE_STRICT_OBJC_MSGSEND = YES;
				GCC_C_LANGUAGE_STANDARD = gnu99;
				GCC_NO_COMMON_BLOCKS = YES;
				GCC_WARN_64_TO_32_BIT_CONVERSION = YES;
				GCC_WARN_ABOUT_RETURN_TYPE = YES_ERROR;
				GCC_WARN_UNDECLARED_SELECTOR = YES;
				GCC_WARN_UNINITIALIZED_AUTOS = YES_AGGRESSIVE;
				GCC_WARN_UNUSED_FUNCTION = YES;
				GCC_WARN_UNUSED_VARIABLE = YES;
				IPHONEOS_DEPLOYMENT_TARGET = 9.1;
				MTL_ENABLE_DEBUG_INFO = NO;
				SDKROOT = iphoneos;
				TARGETED_DEVICE_FAMILY = "1,2";
				VALIDATE_PRODUCT = YES;
			};
			name = Release;
		};
		7FE09A231C08D75000ACB80A /* Debug */ = {
			isa = XCBuildConfiguration;
			buildSettings = {
				ASSETCATALOG_COMPILER_APPICON_NAME = AppIcon;
				GCC_PRECOMPILE_PREFIX_HEADER = YES;
				GCC_PREFIX_HEADER = "$(SRCROOT)/Yelp Api App/YelpApiApp-Prefix.pch";
				INFOPLIST_FILE = "Yelp Api App/Info.plist";
				LD_RUNPATH_SEARCH_PATHS = "$(inherited) @executable_path/Frameworks";
				PRODUCT_BUNDLE_IDENTIFIER = "Jorge-Valbuena.Yelp-Api-App";
				PRODUCT_NAME = "$(TARGET_NAME)";
			};
			name = Debug;
		};
		7FE09A241C08D75000ACB80A /* Release */ = {
			isa = XCBuildConfiguration;
			buildSettings = {
				ASSETCATALOG_COMPILER_APPICON_NAME = AppIcon;
				GCC_PRECOMPILE_PREFIX_HEADER = YES;
				GCC_PREFIX_HEADER = "$(SRCROOT)/Yelp Api App/YelpApiApp-Prefix.pch";
				INFOPLIST_FILE = "Yelp Api App/Info.plist";
				LD_RUNPATH_SEARCH_PATHS = "$(inherited) @executable_path/Frameworks";
				PRODUCT_BUNDLE_IDENTIFIER = "Jorge-Valbuena.Yelp-Api-App";
				PRODUCT_NAME = "$(TARGET_NAME)";
			};
			name = Release;
		};
		7FE09A261C08D75000ACB80A /* Debug */ = {
			isa = XCBuildConfiguration;
			buildSettings = {
				BUNDLE_LOADER = "$(TEST_HOST)";
				INFOPLIST_FILE = "Yelp Api AppTests/Info.plist";
				LD_RUNPATH_SEARCH_PATHS = "$(inherited) @executable_path/Frameworks @loader_path/Frameworks";
				PRODUCT_BUNDLE_IDENTIFIER = "Jorge-Valbuena.Yelp-Api-AppTests";
				PRODUCT_NAME = "$(TARGET_NAME)";
				TEST_HOST = "$(BUILT_PRODUCTS_DIR)/Yelp Api App.app/Yelp Api App";
			};
			name = Debug;
		};
		7FE09A271C08D75000ACB80A /* Release */ = {
			isa = XCBuildConfiguration;
			buildSettings = {
				BUNDLE_LOADER = "$(TEST_HOST)";
				INFOPLIST_FILE = "Yelp Api AppTests/Info.plist";
				LD_RUNPATH_SEARCH_PATHS = "$(inherited) @executable_path/Frameworks @loader_path/Frameworks";
				PRODUCT_BUNDLE_IDENTIFIER = "Jorge-Valbuena.Yelp-Api-AppTests";
				PRODUCT_NAME = "$(TARGET_NAME)";
				TEST_HOST = "$(BUILT_PRODUCTS_DIR)/Yelp Api App.app/Yelp Api App";
			};
			name = Release;
		};
		7FE09A291C08D75000ACB80A /* Debug */ = {
			isa = XCBuildConfiguration;
			buildSettings = {
				INFOPLIST_FILE = "Yelp Api AppUITests/Info.plist";
				LD_RUNPATH_SEARCH_PATHS = "$(inherited) @executable_path/Frameworks @loader_path/Frameworks";
				PRODUCT_BUNDLE_IDENTIFIER = "Jorge-Valbuena.Yelp-Api-AppUITests";
				PRODUCT_NAME = "$(TARGET_NAME)";
				TEST_TARGET_NAME = "Yelp Api App";
				USES_XCTRUNNER = YES;
			};
			name = Debug;
		};
		7FE09A2A1C08D75000ACB80A /* Release */ = {
			isa = XCBuildConfiguration;
			buildSettings = {
				INFOPLIST_FILE = "Yelp Api AppUITests/Info.plist";
				LD_RUNPATH_SEARCH_PATHS = "$(inherited) @executable_path/Frameworks @loader_path/Frameworks";
				PRODUCT_BUNDLE_IDENTIFIER = "Jorge-Valbuena.Yelp-Api-AppUITests";
				PRODUCT_NAME = "$(TARGET_NAME)";
				TEST_TARGET_NAME = "Yelp Api App";
				USES_XCTRUNNER = YES;
			};
			name = Release;
		};
/* End XCBuildConfiguration section */

/* Begin XCConfigurationList section */
		7FE099F01C08D74F00ACB80A /* Build configuration list for PBXProject "Yelp Api App" */ = {
			isa = XCConfigurationList;
			buildConfigurations = (
				7FE09A201C08D75000ACB80A /* Debug */,
				7FE09A211C08D75000ACB80A /* Release */,
			);
			defaultConfigurationIsVisible = 0;
			defaultConfigurationName = Release;
		};
		7FE09A221C08D75000ACB80A /* Build configuration list for PBXNativeTarget "Yelp Api App" */ = {
			isa = XCConfigurationList;
			buildConfigurations = (
				7FE09A231C08D75000ACB80A /* Debug */,
				7FE09A241C08D75000ACB80A /* Release */,
			);
			defaultConfigurationIsVisible = 0;
			defaultConfigurationName = Release;
		};
		7FE09A251C08D75000ACB80A /* Build configuration list for PBXNativeTarget "Yelp Api AppTests" */ = {
			isa = XCConfigurationList;
			buildConfigurations = (
				7FE09A261C08D75000ACB80A /* Debug */,
				7FE09A271C08D75000ACB80A /* Release */,
			);
			defaultConfigurationIsVisible = 0;
			defaultConfigurationName = Release;
		};
		7FE09A281C08D75000ACB80A /* Build configuration list for PBXNativeTarget "Yelp Api AppUITests" */ = {
			isa = XCConfigurationList;
			buildConfigurations = (
				7FE09A291C08D75000ACB80A /* Debug */,
				7FE09A2A1C08D75000ACB80A /* Release */,
			);
			defaultConfigurationIsVisible = 0;
			defaultConfigurationName = Release;
		};
/* End XCConfigurationList section */
	};
	rootObject = 7FE099ED1C08D74F00ACB80A /* Project object */;
}
