// !$*UTF8*$!
{
	archiveVersion = 1;
	classes = {
	};
	objectVersion = 46;
	objects = {

/* Begin PBXBuildFile section */
		3C1C56761C0A913F0099DC9E /* NSDictionary+Addons.m in Sources */ = {isa = PBXBuildFile; fileRef = 3C1C566F1C0A913F0099DC9E /* NSDictionary+Addons.m */; };
		3C1C56771C0A913F0099DC9E /* NSURLRequest+OAuth.m in Sources */ = {isa = PBXBuildFile; fileRef = 3C1C56721C0A913F0099DC9E /* NSURLRequest+OAuth.m */; };
		3C1C56781C0A913F0099DC9E /* UIColor+Hex.m in Sources */ = {isa = PBXBuildFile; fileRef = 3C1C56751C0A913F0099DC9E /* UIColor+Hex.m */; };
		3C1C56801C0A976D0099DC9E /* YASearchView.m in Sources */ = {isa = PBXBuildFile; fileRef = 3C1C567F1C0A976D0099DC9E /* YASearchView.m */; };
		3C1C56851C0A9C130099DC9E /* Lato-Hairline.otf in Resources */ = {isa = PBXBuildFile; fileRef = 3C1C56821C0A9C130099DC9E /* Lato-Hairline.otf */; };
		3C1C56861C0A9C130099DC9E /* Lato-Light.otf in Resources */ = {isa = PBXBuildFile; fileRef = 3C1C56831C0A9C130099DC9E /* Lato-Light.otf */; };
		3C1C56871C0A9C130099DC9E /* Lato-Regular.otf in Resources */ = {isa = PBXBuildFile; fileRef = 3C1C56841C0A9C130099DC9E /* Lato-Regular.otf */; };
		3C49A5001C0A4653001107C5 /* YARootViewController.m in Sources */ = {isa = PBXBuildFile; fileRef = 3C49A4FF1C0A4653001107C5 /* YARootViewController.m */; };
		3C49A5061C0A475F001107C5 /* YALocation.m in Sources */ = {isa = PBXBuildFile; fileRef = 3C49A5051C0A475F001107C5 /* YALocation.m */; };
		3C756EC01C0B690500738189 /* UIView+Addons.m in Sources */ = {isa = PBXBuildFile; fileRef = 3C756EBF1C0B690500738189 /* UIView+Addons.m */; };
		3C756EC41C0B738000738189 /* YADemoView.m in Sources */ = {isa = PBXBuildFile; fileRef = 3C756EC31C0B738000738189 /* YADemoView.m */; };
		3C756EC81C0B9C7300738189 /* YAResultsView.m in Sources */ = {isa = PBXBuildFile; fileRef = 3C756EC71C0B9C7300738189 /* YAResultsView.m */; };
		3C756ECB1C0B9D3700738189 /* YAResultsData.m in Sources */ = {isa = PBXBuildFile; fileRef = 3C756ECA1C0B9D3700738189 /* YAResultsData.m */; };
		3C756ED21C0BAC1D00738189 /* NSArray+Addons.m in Sources */ = {isa = PBXBuildFile; fileRef = 3C756ED11C0BAC1D00738189 /* NSArray+Addons.m */; };
		3CA29E8B1C0ACC5C00FF0039 /* YACopyRightView.m in Sources */ = {isa = PBXBuildFile; fileRef = 3CA29E8A1C0ACC5C00FF0039 /* YACopyRightView.m */; };
		3CA29E8F1C0AD28200FF0039 /* UIImage+Addons.m in Sources */ = {isa = PBXBuildFile; fileRef = 3CA29E8E1C0AD28200FF0039 /* UIImage+Addons.m */; };
		7FE099FA1C08D74F00ACB80A /* main.m in Sources */ = {isa = PBXBuildFile; fileRef = 7FE099F91C08D74F00ACB80A /* main.m */; };
		7FE099FD1C08D74F00ACB80A /* AppDelegate.m in Sources */ = {isa = PBXBuildFile; fileRef = 7FE099FC1C08D74F00ACB80A /* AppDelegate.m */; };
		7FE09A051C08D74F00ACB80A /* Assets.xcassets in Resources */ = {isa = PBXBuildFile; fileRef = 7FE09A041C08D74F00ACB80A /* Assets.xcassets */; };
		7FE09A081C08D74F00ACB80A /* LaunchScreen.storyboard in Resources */ = {isa = PBXBuildFile; fileRef = 7FE09A061C08D74F00ACB80A /* LaunchScreen.storyboard */; };
		7FE09A131C08D75000ACB80A /* Yelp_Api_AppTests.m in Sources */ = {isa = PBXBuildFile; fileRef = 7FE09A121C08D75000ACB80A /* Yelp_Api_AppTests.m */; };
		7FE09A1E1C08D75000ACB80A /* Yelp_Api_AppUITests.m in Sources */ = {isa = PBXBuildFile; fileRef = 7FE09A1D1C08D75000ACB80A /* Yelp_Api_AppUITests.m */; };
		7FE09A321C08DD6600ACB80A /* YAConstants.m in Sources */ = {isa = PBXBuildFile; fileRef = 7FE09A311C08DD6600ACB80A /* YAConstants.m */; };
		7FE09A681C08F34500ACB80A /* YANetworkManager.m in Sources */ = {isa = PBXBuildFile; fileRef = 7FE09A671C08F34500ACB80A /* YANetworkManager.m */; };
		7FE09A6B1C08F36300ACB80A /* YALocationManager.m in Sources */ = {isa = PBXBuildFile; fileRef = 7FE09A6A1C08F36300ACB80A /* YALocationManager.m */; };
		D9A16A655B06E832161FADDA /* libPods.a in Frameworks */ = {isa = PBXBuildFile; fileRef = AECCCBACEA29E88D592A8D28 /* libPods.a */; };
/* End PBXBuildFile section */

/* Begin PBXContainerItemProxy section */
		7FE09A0F1C08D74F00ACB80A /* PBXContainerItemProxy */ = {
			isa = PBXContainerItemProxy;
			containerPortal = 7FE099ED1C08D74F00ACB80A /* Project object */;
			proxyType = 1;
			remoteGlobalIDString = 7FE099F41C08D74F00ACB80A;
			remoteInfo = "Yelp Api App";
		};
		7FE09A1A1C08D75000ACB80A /* PBXContainerItemProxy */ = {
			isa = PBXContainerItemProxy;
			containerPortal = 7FE099ED1C08D74F00ACB80A /* Project object */;
			proxyType = 1;
			remoteGlobalIDString = 7FE099F41C08D74F00ACB80A;
			remoteInfo = "Yelp Api App";
		};
/* End PBXContainerItemProxy section */

/* Begin PBXFileReference section */
		038BE9417CB2D15B2BD666B4 /* Pods.debug.xcconfig */ = {isa = PBXFileReference; includeInIndex = 1; lastKnownFileType = text.xcconfig; name = Pods.debug.xcconfig; path = "Pods/Target Support Files/Pods/Pods.debug.xcconfig"; sourceTree = "<group>"; };
		2EFF768F07EBE7DCF09F473F /* Pods.release.xcconfig */ = {isa = PBXFileReference; includeInIndex = 1; lastKnownFileType = text.xcconfig; name = Pods.release.xcconfig; path = "Pods/Target Support Files/Pods/Pods.release.xcconfig"; sourceTree = "<group>"; };
		3C1C566E1C0A913F0099DC9E /* NSDictionary+Addons.h */ = {isa = PBXFileReference; fileEncoding = 4; lastKnownFileType = sourcecode.c.h; path = "NSDictionary+Addons.h"; sourceTree = "<group>"; };
		3C1C566F1C0A913F0099DC9E /* NSDictionary+Addons.m */ = {isa = PBXFileReference; fileEncoding = 4; lastKnownFileType = sourcecode.c.objc; path = "NSDictionary+Addons.m"; sourceTree = "<group>"; };
		3C1C56711C0A913F0099DC9E /* NSURLRequest+OAuth.h */ = {isa = PBXFileReference; fileEncoding = 4; lastKnownFileType = sourcecode.c.h; path = "NSURLRequest+OAuth.h"; sourceTree = "<group>"; };
		3C1C56721C0A913F0099DC9E /* NSURLRequest+OAuth.m */ = {isa = PBXFileReference; fileEncoding = 4; lastKnownFileType = sourcecode.c.objc; path = "NSURLRequest+OAuth.m"; sourceTree = "<group>"; };
		3C1C56741C0A913F0099DC9E /* UIColor+Hex.h */ = {isa = PBXFileReference; fileEncoding = 4; lastKnownFileType = sourcecode.c.h; path = "UIColor+Hex.h"; sourceTree = "<group>"; };
		3C1C56751C0A913F0099DC9E /* UIColor+Hex.m */ = {isa = PBXFileReference; fileEncoding = 4; lastKnownFileType = sourcecode.c.objc; path = "UIColor+Hex.m"; sourceTree = "<group>"; };
		3C1C567E1C0A976D0099DC9E /* YASearchView.h */ = {isa = PBXFileReference; fileEncoding = 4; lastKnownFileType = sourcecode.c.h; path = YASearchView.h; sourceTree = "<group>"; };
		3C1C567F1C0A976D0099DC9E /* YASearchView.m */ = {isa = PBXFileReference; fileEncoding = 4; lastKnownFileType = sourcecode.c.objc; path = YASearchView.m; sourceTree = "<group>"; };
		3C1C56821C0A9C130099DC9E /* Lato-Hairline.otf */ = {isa = PBXFileReference; lastKnownFileType = file; path = "Lato-Hairline.otf"; sourceTree = "<group>"; };
		3C1C56831C0A9C130099DC9E /* Lato-Light.otf */ = {isa = PBXFileReference; lastKnownFileType = file; path = "Lato-Light.otf"; sourceTree = "<group>"; };
		3C1C56841C0A9C130099DC9E /* Lato-Regular.otf */ = {isa = PBXFileReference; lastKnownFileType = file; path = "Lato-Regular.otf"; sourceTree = "<group>"; };
		3C49A4FE1C0A4653001107C5 /* YARootViewController.h */ = {isa = PBXFileReference; fileEncoding = 4; lastKnownFileType = sourcecode.c.h; path = YARootViewController.h; sourceTree = "<group>"; };
		3C49A4FF1C0A4653001107C5 /* YARootViewController.m */ = {isa = PBXFileReference; fileEncoding = 4; lastKnownFileType = sourcecode.c.objc; path = YARootViewController.m; sourceTree = "<group>"; };
		3C49A5041C0A475F001107C5 /* YALocation.h */ = {isa = PBXFileReference; fileEncoding = 4; lastKnownFileType = sourcecode.c.h; path = YALocation.h; sourceTree = "<group>"; };
		3C49A5051C0A475F001107C5 /* YALocation.m */ = {isa = PBXFileReference; fileEncoding = 4; lastKnownFileType = sourcecode.c.objc; path = YALocation.m; sourceTree = "<group>"; };
		3C756EBE1C0B690500738189 /* UIView+Addons.h */ = {isa = PBXFileReference; fileEncoding = 4; lastKnownFileType = sourcecode.c.h; path = "UIView+Addons.h"; sourceTree = "<group>"; };
		3C756EBF1C0B690500738189 /* UIView+Addons.m */ = {isa = PBXFileReference; fileEncoding = 4; lastKnownFileType = sourcecode.c.objc; path = "UIView+Addons.m"; sourceTree = "<group>"; };
		3C756EC21C0B738000738189 /* YADemoView.h */ = {isa = PBXFileReference; fileEncoding = 4; lastKnownFileType = sourcecode.c.h; path = YADemoView.h; sourceTree = "<group>"; };
		3C756EC31C0B738000738189 /* YADemoView.m */ = {isa = PBXFileReference; fileEncoding = 4; lastKnownFileType = sourcecode.c.objc; path = YADemoView.m; sourceTree = "<group>"; };
		3C756EC61C0B9C7300738189 /* YAResultsView.h */ = {isa = PBXFileReference; fileEncoding = 4; lastKnownFileType = sourcecode.c.h; path = YAResultsView.h; sourceTree = "<group>"; };
		3C756EC71C0B9C7300738189 /* YAResultsView.m */ = {isa = PBXFileReference; fileEncoding = 4; lastKnownFileType = sourcecode.c.objc; path = YAResultsView.m; sourceTree = "<group>"; };
		3C756EC91C0B9D3700738189 /* YAResultsData.h */ = {isa = PBXFileReference; fileEncoding = 4; lastKnownFileType = sourcecode.c.h; path = YAResultsData.h; sourceTree = "<group>"; };
		3C756ECA1C0B9D3700738189 /* YAResultsData.m */ = {isa = PBXFileReference; fileEncoding = 4; lastKnownFileType = sourcecode.c.objc; path = YAResultsData.m; sourceTree = "<group>"; };
		3C756ED01C0BAC1D00738189 /* NSArray+Addons.h */ = {isa = PBXFileReference; fileEncoding = 4; lastKnownFileType = sourcecode.c.h; path = "NSArray+Addons.h"; sourceTree = "<group>"; };
		3C756ED11C0BAC1D00738189 /* NSArray+Addons.m */ = {isa = PBXFileReference; fileEncoding = 4; lastKnownFileType = sourcecode.c.objc; path = "NSArray+Addons.m"; sourceTree = "<group>"; };
		3CA29E891C0ACC5C00FF0039 /* YACopyRightView.h */ = {isa = PBXFileReference; fileEncoding = 4; lastKnownFileType = sourcecode.c.h; path = YACopyRightView.h; sourceTree = "<group>"; };
		3CA29E8A1C0ACC5C00FF0039 /* YACopyRightView.m */ = {isa = PBXFileReference; fileEncoding = 4; lastKnownFileType = sourcecode.c.objc; path = YACopyRightView.m; sourceTree = "<group>"; };
		3CA29E8D1C0AD28200FF0039 /* UIImage+Addons.h */ = {isa = PBXFileReference; fileEncoding = 4; lastKnownFileType = sourcecode.c.h; path = "UIImage+Addons.h"; sourceTree = "<group>"; };
		3CA29E8E1C0AD28200FF0039 /* UIImage+Addons.m */ = {isa = PBXFileReference; fileEncoding = 4; lastKnownFileType = sourcecode.c.objc; path = "UIImage+Addons.m"; sourceTree = "<group>"; };
		7FE099F51C08D74F00ACB80A /* Yelp Api App.app */ = {isa = PBXFileReference; explicitFileType = wrapper.application; includeInIndex = 0; path = "Yelp Api App.app"; sourceTree = BUILT_PRODUCTS_DIR; };
		7FE099F91C08D74F00ACB80A /* main.m */ = {isa = PBXFileReference; lastKnownFileType = sourcecode.c.objc; path = main.m; sourceTree = "<group>"; };
		7FE099FB1C08D74F00ACB80A /* AppDelegate.h */ = {isa = PBXFileReference; lastKnownFileType = sourcecode.c.h; path = AppDelegate.h; sourceTree = "<group>"; };
		7FE099FC1C08D74F00ACB80A /* AppDelegate.m */ = {isa = PBXFileReference; lastKnownFileType = sourcecode.c.objc; path = AppDelegate.m; sourceTree = "<group>"; };
		7FE09A041C08D74F00ACB80A /* Assets.xcassets */ = {isa = PBXFileReference; lastKnownFileType = folder.assetcatalog; path = Assets.xcassets; sourceTree = "<group>"; };
		7FE09A071C08D74F00ACB80A /* Base */ = {isa = PBXFileReference; lastKnownFileType = file.storyboard; name = Base; path = Base.lproj/LaunchScreen.storyboard; sourceTree = "<group>"; };
		7FE09A091C08D74F00ACB80A /* Info.plist */ = {isa = PBXFileReference; lastKnownFileType = text.plist.xml; path = Info.plist; sourceTree = "<group>"; };
		7FE09A0E1C08D74F00ACB80A /* Yelp Api AppTests.xctest */ = {isa = PBXFileReference; explicitFileType = wrapper.cfbundle; includeInIndex = 0; path = "Yelp Api AppTests.xctest"; sourceTree = BUILT_PRODUCTS_DIR; };
		7FE09A121C08D75000ACB80A /* Yelp_Api_AppTests.m */ = {isa = PBXFileReference; lastKnownFileType = sourcecode.c.objc; path = Yelp_Api_AppTests.m; sourceTree = "<group>"; };
		7FE09A141C08D75000ACB80A /* Info.plist */ = {isa = PBXFileReference; lastKnownFileType = text.plist.xml; path = Info.plist; sourceTree = "<group>"; };
		7FE09A191C08D75000ACB80A /* Yelp Api AppUITests.xctest */ = {isa = PBXFileReference; explicitFileType = wrapper.cfbundle; includeInIndex = 0; path = "Yelp Api AppUITests.xctest"; sourceTree = BUILT_PRODUCTS_DIR; };
		7FE09A1D1C08D75000ACB80A /* Yelp_Api_AppUITests.m */ = {isa = PBXFileReference; lastKnownFileType = sourcecode.c.objc; path = Yelp_Api_AppUITests.m; sourceTree = "<group>"; };
		7FE09A1F1C08D75000ACB80A /* Info.plist */ = {isa = PBXFileReference; lastKnownFileType = text.plist.xml; path = Info.plist; sourceTree = "<group>"; };
		7FE09A301C08DD5000ACB80A /* YAConstants.h */ = {isa = PBXFileReference; fileEncoding = 4; lastKnownFileType = sourcecode.c.h; path = YAConstants.h; sourceTree = "<group>"; };
		7FE09A311C08DD6600ACB80A /* YAConstants.m */ = {isa = PBXFileReference; fileEncoding = 4; lastKnownFileType = sourcecode.c.objc; path = YAConstants.m; sourceTree = "<group>"; };
		7FE09A351C08DE3200ACB80A /* YelpApiApp-Prefix.pch */ = {isa = PBXFileReference; fileEncoding = 4; lastKnownFileType = sourcecode.c.h; path = "YelpApiApp-Prefix.pch"; sourceTree = "<group>"; };
		7FE09A661C08F34500ACB80A /* YANetworkManager.h */ = {isa = PBXFileReference; fileEncoding = 4; lastKnownFileType = sourcecode.c.h; path = YANetworkManager.h; sourceTree = "<group>"; };
		7FE09A671C08F34500ACB80A /* YANetworkManager.m */ = {isa = PBXFileReference; fileEncoding = 4; lastKnownFileType = sourcecode.c.objc; path = YANetworkManager.m; sourceTree = "<group>"; };
		7FE09A691C08F36300ACB80A /* YALocationManager.h */ = {isa = PBXFileReference; fileEncoding = 4; lastKnownFileType = sourcecode.c.h; path = YALocationManager.h; sourceTree = "<group>"; };
		7FE09A6A1C08F36300ACB80A /* YALocationManager.m */ = {isa = PBXFileReference; fileEncoding = 4; lastKnownFileType = sourcecode.c.objc; path = YALocationManager.m; sourceTree = "<group>"; };
		AECCCBACEA29E88D592A8D28 /* libPods.a */ = {isa = PBXFileReference; explicitFileType = archive.ar; includeInIndex = 0; path = libPods.a; sourceTree = BUILT_PRODUCTS_DIR; };
/* End PBXFileReference section */

/* Begin PBXFrameworksBuildPhase section */
		7FE099F21C08D74F00ACB80A /* Frameworks */ = {
			isa = PBXFrameworksBuildPhase;
			buildActionMask = 2147483647;
			files = (
				D9A16A655B06E832161FADDA /* libPods.a in Frameworks */,
			);
			runOnlyForDeploymentPostprocessing = 0;
		};
		7FE09A0B1C08D74F00ACB80A /* Frameworks */ = {
			isa = PBXFrameworksBuildPhase;
			buildActionMask = 2147483647;
			files = (
			);
			runOnlyForDeploymentPostprocessing = 0;
		};
		7FE09A161C08D75000ACB80A /* Frameworks */ = {
			isa = PBXFrameworksBuildPhase;
			buildActionMask = 2147483647;
			files = (
			);
			runOnlyForDeploymentPostprocessing = 0;
		};
/* End PBXFrameworksBuildPhase section */

/* Begin PBXGroup section */
		3C1C566D1C0A913F0099DC9E /* NSDictionary */ = {
			isa = PBXGroup;
			children = (
				3C1C566E1C0A913F0099DC9E /* NSDictionary+Addons.h */,
				3C1C566F1C0A913F0099DC9E /* NSDictionary+Addons.m */,
			);
			path = NSDictionary;
			sourceTree = "<group>";
		};
		3C1C56701C0A913F0099DC9E /* NSURLRequest */ = {
			isa = PBXGroup;
			children = (
				3C1C56711C0A913F0099DC9E /* NSURLRequest+OAuth.h */,
				3C1C56721C0A913F0099DC9E /* NSURLRequest+OAuth.m */,
			);
			path = NSURLRequest;
			sourceTree = "<group>";
		};
		3C1C56731C0A913F0099DC9E /* UIColor */ = {
			isa = PBXGroup;
			children = (
				3C1C56741C0A913F0099DC9E /* UIColor+Hex.h */,
				3C1C56751C0A913F0099DC9E /* UIColor+Hex.m */,
			);
			path = UIColor;
			sourceTree = "<group>";
		};
		3C1C56791C0A968D0099DC9E /* Views */ = {
			isa = PBXGroup;
			children = (
				3C756EC51C0B9C5C00738189 /* Results */,
				3C756EC11C0B737000738189 /* Demo */,
				3CA29E881C0ACC4800FF0039 /* Copyright */,
				3C1C567D1C0A976D0099DC9E /* Search */,
			);
			path = Views;
			sourceTree = "<group>";
		};
		3C1C567D1C0A976D0099DC9E /* Search */ = {
			isa = PBXGroup;
			children = (
				3C1C567E1C0A976D0099DC9E /* YASearchView.h */,
				3C1C567F1C0A976D0099DC9E /* YASearchView.m */,
			);
			path = Search;
			sourceTree = "<group>";
		};
		3C1C56811C0A9C130099DC9E /* Fonts */ = {
			isa = PBXGroup;
			children = (
				3C1C56821C0A9C130099DC9E /* Lato-Hairline.otf */,
				3C1C56831C0A9C130099DC9E /* Lato-Light.otf */,
				3C1C56841C0A9C130099DC9E /* Lato-Regular.otf */,
			);
			path = Fonts;
			sourceTree = "<group>";
		};
		3C49A4FB1C0A4653001107C5 /* Controllers */ = {
			isa = PBXGroup;
			children = (
				3C49A4FD1C0A4653001107C5 /* RootController */,
			);
			path = Controllers;
			sourceTree = "<group>";
		};
		3C49A4FD1C0A4653001107C5 /* RootController */ = {
			isa = PBXGroup;
			children = (
				3C49A4FE1C0A4653001107C5 /* YARootViewController.h */,
				3C49A4FF1C0A4653001107C5 /* YARootViewController.m */,
			);
			path = RootController;
			sourceTree = "<group>";
		};
		3C756EBA1C0B68D200738189 /* UIView */ = {
			isa = PBXGroup;
			children = (
				3C756EBE1C0B690500738189 /* UIView+Addons.h */,
				3C756EBF1C0B690500738189 /* UIView+Addons.m */,
			);
			path = UIView;
			sourceTree = "<group>";
		};
		3C756EC11C0B737000738189 /* Demo */ = {
			isa = PBXGroup;
			children = (
				3C756EC21C0B738000738189 /* YADemoView.h */,
				3C756EC31C0B738000738189 /* YADemoView.m */,
			);
			path = Demo;
			sourceTree = "<group>";
		};
		3C756EC51C0B9C5C00738189 /* Results */ = {
			isa = PBXGroup;
			children = (
				3C756EC61C0B9C7300738189 /* YAResultsView.h */,
				3C756EC71C0B9C7300738189 /* YAResultsView.m */,
				3C756EC91C0B9D3700738189 /* YAResultsData.h */,
				3C756ECA1C0B9D3700738189 /* YAResultsData.m */,
			);
			path = Results;
			sourceTree = "<group>";
		};
		3C756ECF1C0BABF700738189 /* NSArray */ = {
			isa = PBXGroup;
			children = (
				3C756ED01C0BAC1D00738189 /* NSArray+Addons.h */,
				3C756ED11C0BAC1D00738189 /* NSArray+Addons.m */,
			);
			path = NSArray;
			sourceTree = "<group>";
		};
		3CA29E881C0ACC4800FF0039 /* Copyright */ = {
			isa = PBXGroup;
			children = (
				3CA29E891C0ACC5C00FF0039 /* YACopyRightView.h */,
				3CA29E8A1C0ACC5C00FF0039 /* YACopyRightView.m */,
			);
			path = Copyright;
			sourceTree = "<group>";
		};
		3CA29E8C1C0AD26D00FF0039 /* UIImage */ = {
			isa = PBXGroup;
			children = (
				3CA29E8D1C0AD28200FF0039 /* UIImage+Addons.h */,
				3CA29E8E1C0AD28200FF0039 /* UIImage+Addons.m */,
			);
			path = UIImage;
			sourceTree = "<group>";
		};
		7FE099EC1C08D74F00ACB80A = {
			isa = PBXGroup;
			children = (
				7FE099F71C08D74F00ACB80A /* Yelp Api App */,
				7FE09A111C08D74F00ACB80A /* Yelp Api AppTests */,
				7FE09A1C1C08D75000ACB80A /* Yelp Api AppUITests */,
				7FE099F61C08D74F00ACB80A /* Products */,
				CF9BB6A4C09111521F7F2C2E /* Pods */,
				F767044163DBF7D0BA7F95F6 /* Frameworks */,
			);
			sourceTree = "<group>";
		};
		7FE099F61C08D74F00ACB80A /* Products */ = {
			isa = PBXGroup;
			children = (
				7FE099F51C08D74F00ACB80A /* Yelp Api App.app */,
				7FE09A0E1C08D74F00ACB80A /* Yelp Api AppTests.xctest */,
				7FE09A191C08D75000ACB80A /* Yelp Api AppUITests.xctest */,
			);
			name = Products;
			sourceTree = "<group>";
		};
		7FE099F71C08D74F00ACB80A /* Yelp Api App */ = {
			isa = PBXGroup;
			children = (
				3C1C56811C0A9C130099DC9E /* Fonts */,
				3C1C56791C0A968D0099DC9E /* Views */,
				3C49A4FB1C0A4653001107C5 /* Controllers */,
				7FE09A631C08F34500ACB80A /* Managers */,
				7FE09A581C08EDEC00ACB80A /* Categories */,
				7FE09A2F1C08DD3800ACB80A /* Constants */,
				7FE099FB1C08D74F00ACB80A /* AppDelegate.h */,
				7FE099FC1C08D74F00ACB80A /* AppDelegate.m */,
				7FE09A351C08DE3200ACB80A /* YelpApiApp-Prefix.pch */,
				7FE09A041C08D74F00ACB80A /* Assets.xcassets */,
				7FE09A061C08D74F00ACB80A /* LaunchScreen.storyboard */,
				7FE09A091C08D74F00ACB80A /* Info.plist */,
				7FE099F81C08D74F00ACB80A /* Supporting Files */,
			);
			path = "Yelp Api App";
			sourceTree = "<group>";
		};
		7FE099F81C08D74F00ACB80A /* Supporting Files */ = {
			isa = PBXGroup;
			children = (
				7FE099F91C08D74F00ACB80A /* main.m */,
			);
			name = "Supporting Files";
			sourceTree = "<group>";
		};
		7FE09A111C08D74F00ACB80A /* Yelp Api AppTests */ = {
			isa = PBXGroup;
			children = (
				7FE09A121C08D75000ACB80A /* Yelp_Api_AppTests.m */,
				7FE09A141C08D75000ACB80A /* Info.plist */,
			);
			path = "Yelp Api AppTests";
			sourceTree = "<group>";
		};
		7FE09A1C1C08D75000ACB80A /* Yelp Api AppUITests */ = {
			isa = PBXGroup;
			children = (
				7FE09A1D1C08D75000ACB80A /* Yelp_Api_AppUITests.m */,
				7FE09A1F1C08D75000ACB80A /* Info.plist */,
			);
			path = "Yelp Api AppUITests";
			sourceTree = "<group>";
		};
		7FE09A2F1C08DD3800ACB80A /* Constants */ = {
			isa = PBXGroup;
			children = (
				7FE09A301C08DD5000ACB80A /* YAConstants.h */,
				7FE09A311C08DD6600ACB80A /* YAConstants.m */,
			);
			path = Constants;
			sourceTree = "<group>";
		};
		7FE09A581C08EDEC00ACB80A /* Categories */ = {
			isa = PBXGroup;
			children = (
				3C756ECF1C0BABF700738189 /* NSArray */,
				3C756EBA1C0B68D200738189 /* UIView */,
				3CA29E8C1C0AD26D00FF0039 /* UIImage */,
				3C1C566D1C0A913F0099DC9E /* NSDictionary */,
				3C1C56701C0A913F0099DC9E /* NSURLRequest */,
				3C1C56731C0A913F0099DC9E /* UIColor */,
			);
			path = Categories;
			sourceTree = "<group>";
		};
		7FE09A631C08F34500ACB80A /* Managers */ = {
			isa = PBXGroup;
			children = (
				7FE09A641C08F34500ACB80A /* Location */,
				7FE09A651C08F34500ACB80A /* Network */,
			);
			path = Managers;
			sourceTree = "<group>";
		};
		7FE09A641C08F34500ACB80A /* Location */ = {
			isa = PBXGroup;
			children = (
				7FE09A691C08F36300ACB80A /* YALocationManager.h */,
				7FE09A6A1C08F36300ACB80A /* YALocationManager.m */,
				3C49A5041C0A475F001107C5 /* YALocation.h */,
				3C49A5051C0A475F001107C5 /* YALocation.m */,
			);
			path = Location;
			sourceTree = "<group>";
		};
		7FE09A651C08F34500ACB80A /* Network */ = {
			isa = PBXGroup;
			children = (
				7FE09A661C08F34500ACB80A /* YANetworkManager.h */,
				7FE09A671C08F34500ACB80A /* YANetworkManager.m */,
			);
			path = Network;
			sourceTree = "<group>";
		};
		CF9BB6A4C09111521F7F2C2E /* Pods */ = {
			isa = PBXGroup;
			children = (
				038BE9417CB2D15B2BD666B4 /* Pods.debug.xcconfig */,
				2EFF768F07EBE7DCF09F473F /* Pods.release.xcconfig */,
			);
			name = Pods;
			sourceTree = "<group>";
		};
		F767044163DBF7D0BA7F95F6 /* Frameworks */ = {
			isa = PBXGroup;
			children = (
				AECCCBACEA29E88D592A8D28 /* libPods.a */,
			);
			name = Frameworks;
			sourceTree = "<group>";
		};
/* End PBXGroup section */

/* Begin PBXNativeTarget section */
		7FE099F41C08D74F00ACB80A /* Yelp Api App */ = {
			isa = PBXNativeTarget;
			buildConfigurationList = 7FE09A221C08D75000ACB80A /* Build configuration list for PBXNativeTarget "Yelp Api App" */;
			buildPhases = (
				25B10D3ABDB85F04658D7067 /* Check Pods Manifest.lock */,
				7FE099F11C08D74F00ACB80A /* Sources */,
				7FE099F21C08D74F00ACB80A /* Frameworks */,
				7FE099F31C08D74F00ACB80A /* Resources */,
				254A087E9319900AF9F2C774 /* Embed Pods Frameworks */,
				A3E9E6AFB74F15F60F869582 /* Copy Pods Resources */,
			);
			buildRules = (
			);
			dependencies = (
			);
			name = "Yelp Api App";
			productName = "Yelp Api App";
			productReference = 7FE099F51C08D74F00ACB80A /* Yelp Api App.app */;
			productType = "com.apple.product-type.application";
		};
		7FE09A0D1C08D74F00ACB80A /* Yelp Api AppTests */ = {
			isa = PBXNativeTarget;
			buildConfigurationList = 7FE09A251C08D75000ACB80A /* Build configuration list for PBXNativeTarget "Yelp Api AppTests" */;
			buildPhases = (
				7FE09A0A1C08D74F00ACB80A /* Sources */,
				7FE09A0B1C08D74F00ACB80A /* Frameworks */,
				7FE09A0C1C08D74F00ACB80A /* Resources */,
			);
			buildRules = (
			);
			dependencies = (
				7FE09A101C08D74F00ACB80A /* PBXTargetDependency */,
			);
			name = "Yelp Api AppTests";
			productName = "Yelp Api AppTests";
			productReference = 7FE09A0E1C08D74F00ACB80A /* Yelp Api AppTests.xctest */;
			productType = "com.apple.product-type.bundle.unit-test";
		};
		7FE09A181C08D75000ACB80A /* Yelp Api AppUITests */ = {
			isa = PBXNativeTarget;
			buildConfigurationList = 7FE09A281C08D75000ACB80A /* Build configuration list for PBXNativeTarget "Yelp Api AppUITests" */;
			buildPhases = (
				7FE09A151C08D75000ACB80A /* Sources */,
				7FE09A161C08D75000ACB80A /* Frameworks */,
				7FE09A171C08D75000ACB80A /* Resources */,
			);
			buildRules = (
			);
			dependencies = (
				7FE09A1B1C08D75000ACB80A /* PBXTargetDependency */,
			);
			name = "Yelp Api AppUITests";
			productName = "Yelp Api AppUITests";
			productReference = 7FE09A191C08D75000ACB80A /* Yelp Api AppUITests.xctest */;
			productType = "com.apple.product-type.bundle.ui-testing";
		};
/* End PBXNativeTarget section */

/* Begin PBXProject section */
		7FE099ED1C08D74F00ACB80A /* Project object */ = {
			isa = PBXProject;
			attributes = {
				LastUpgradeCheck = 0710;
				ORGANIZATIONNAME = "Jorge Valbuena";
				TargetAttributes = {
					7FE099F41C08D74F00ACB80A = {
						CreatedOnToolsVersion = 7.1.1;
						DevelopmentTeam = XD9P2BC444;
					};
					7FE09A0D1C08D74F00ACB80A = {
						CreatedOnToolsVersion = 7.1.1;
						TestTargetID = 7FE099F41C08D74F00ACB80A;
					};
					7FE09A181C08D75000ACB80A = {
						CreatedOnToolsVersion = 7.1.1;
						TestTargetID = 7FE099F41C08D74F00ACB80A;
					};
				};
			};
			buildConfigurationList = 7FE099F01C08D74F00ACB80A /* Build configuration list for PBXProject "Yelp Api App" */;
			compatibilityVersion = "Xcode 3.2";
			developmentRegion = English;
			hasScannedForEncodings = 0;
			knownRegions = (
				en,
				Base,
			);
			mainGroup = 7FE099EC1C08D74F00ACB80A;
			productRefGroup = 7FE099F61C08D74F00ACB80A /* Products */;
			projectDirPath = "";
			projectRoot = "";
			targets = (
				7FE099F41C08D74F00ACB80A /* Yelp Api App */,
				7FE09A0D1C08D74F00ACB80A /* Yelp Api AppTests */,
				7FE09A181C08D75000ACB80A /* Yelp Api AppUITests */,
			);
		};
/* End PBXProject section */

/* Begin PBXResourcesBuildPhase section */
		7FE099F31C08D74F00ACB80A /* Resources */ = {
			isa = PBXResourcesBuildPhase;
			buildActionMask = 2147483647;
			files = (
				7FE09A081C08D74F00ACB80A /* LaunchScreen.storyboard in Resources */,
				7FE09A051C08D74F00ACB80A /* Assets.xcassets in Resources */,
				3C1C56871C0A9C130099DC9E /* Lato-Regular.otf in Resources */,
				3C1C56861C0A9C130099DC9E /* Lato-Light.otf in Resources */,
				3C1C56851C0A9C130099DC9E /* Lato-Hairline.otf in Resources */,
			);
			runOnlyForDeploymentPostprocessing = 0;
		};
		7FE09A0C1C08D74F00ACB80A /* Resources */ = {
			isa = PBXResourcesBuildPhase;
			buildActionMask = 2147483647;
			files = (
			);
			runOnlyForDeploymentPostprocessing = 0;
		};
		7FE09A171C08D75000ACB80A /* Resources */ = {
			isa = PBXResourcesBuildPhase;
			buildActionMask = 2147483647;
			files = (
			);
			runOnlyForDeploymentPostprocessing = 0;
		};
/* End PBXResourcesBuildPhase section */

/* Begin PBXShellScriptBuildPhase section */
		254A087E9319900AF9F2C774 /* Embed Pods Frameworks */ = {
			isa = PBXShellScriptBuildPhase;
			buildActionMask = 2147483647;
			files = (
			);
			inputPaths = (
			);
			name = "Embed Pods Frameworks";
			outputPaths = (
			);
			runOnlyForDeploymentPostprocessing = 0;
			shellPath = /bin/sh;
			shellScript = "\"${SRCROOT}/Pods/Target Support Files/Pods/Pods-frameworks.sh\"\n";
			showEnvVarsInLog = 0;
		};
		25B10D3ABDB85F04658D7067 /* Check Pods Manifest.lock */ = {
			isa = PBXShellScriptBuildPhase;
			buildActionMask = 2147483647;
			files = (
			);
			inputPaths = (
			);
			name = "Check Pods Manifest.lock";
			outputPaths = (
			);
			runOnlyForDeploymentPostprocessing = 0;
			shellPath = /bin/sh;
			shellScript = "diff \"${PODS_ROOT}/../Podfile.lock\" \"${PODS_ROOT}/Manifest.lock\" > /dev/null\nif [[ $? != 0 ]] ; then\n    cat << EOM\nerror: The sandbox is not in sync with the Podfile.lock. Run 'pod install' or update your CocoaPods installation.\nEOM\n    exit 1\nfi\n";
			showEnvVarsInLog = 0;
		};
		A3E9E6AFB74F15F60F869582 /* Copy Pods Resources */ = {
			isa = PBXShellScriptBuildPhase;
			buildActionMask = 2147483647;
			files = (
			);
			inputPaths = (
			);
			name = "Copy Pods Resources";
			outputPaths = (
			);
			runOnlyForDeploymentPostprocessing = 0;
			shellPath = /bin/sh;
			shellScript = "\"${SRCROOT}/Pods/Target Support Files/Pods/Pods-resources.sh\"\n";
			showEnvVarsInLog = 0;
		};
/* End PBXShellScriptBuildPhase section */

/* Begin PBXSourcesBuildPhase section */
		7FE099F11C08D74F00ACB80A /* Sources */ = {
			isa = PBXSourcesBuildPhase;
			buildActionMask = 2147483647;
			files = (
				3C1C56801C0A976D0099DC9E /* YASearchView.m in Sources */,
				3C756ECB1C0B9D3700738189 /* YAResultsData.m in Sources */,
				3C756EC41C0B738000738189 /* YADemoView.m in Sources */,
				3C1C56761C0A913F0099DC9E /* NSDictionary+Addons.m in Sources */,
				3C49A5061C0A475F001107C5 /* YALocation.m in Sources */,
				3C49A5001C0A4653001107C5 /* YARootViewController.m in Sources */,
				3CA29E8B1C0ACC5C00FF0039 /* YACopyRightView.m in Sources */,
				3C756EC81C0B9C7300738189 /* YAResultsView.m in Sources */,
				7FE09A321C08DD6600ACB80A /* YAConstants.m in Sources */,
				7FE099FD1C08D74F00ACB80A /* AppDelegate.m in Sources */,
				7FE09A6B1C08F36300ACB80A /* YALocationManager.m in Sources */,
				3C756ED21C0BAC1D00738189 /* NSArray+Addons.m in Sources */,
				7FE099FA1C08D74F00ACB80A /* main.m in Sources */,
				3C1C56781C0A913F0099DC9E /* UIColor+Hex.m in Sources */,
				3C1C56771C0A913F0099DC9E /* NSURLRequest+OAuth.m in Sources */,
				3CA29E8F1C0AD28200FF0039 /* UIImage+Addons.m in Sources */,
				7FE09A681C08F34500ACB80A /* YANetworkManager.m in Sources */,
				3C756EC01C0B690500738189 /* UIView+Addons.m in Sources */,
			);
			runOnlyForDeploymentPostprocessing = 0;
		};
		7FE09A0A1C08D74F00ACB80A /* Sources */ = {
			isa = PBXSourcesBuildPhase;
			buildActionMask = 2147483647;
			files = (
				7FE09A131C08D75000ACB80A /* Yelp_Api_AppTests.m in Sources */,
			);
			runOnlyForDeploymentPostprocessing = 0;
		};
		7FE09A151C08D75000ACB80A /* Sources */ = {
			isa = PBXSourcesBuildPhase;
			buildActionMask = 2147483647;
			files = (
				7FE09A1E1C08D75000ACB80A /* Yelp_Api_AppUITests.m in Sources */,
			);
			runOnlyForDeploymentPostprocessing = 0;
		};
/* End PBXSourcesBuildPhase section */

/* Begin PBXTargetDependency section */
		7FE09A101C08D74F00ACB80A /* PBXTargetDependency */ = {
			isa = PBXTargetDependency;
			target = 7FE099F41C08D74F00ACB80A /* Yelp Api App */;
			targetProxy = 7FE09A0F1C08D74F00ACB80A /* PBXContainerItemProxy */;
		};
		7FE09A1B1C08D75000ACB80A /* PBXTargetDependency */ = {
			isa = PBXTargetDependency;
			target = 7FE099F41C08D74F00ACB80A /* Yelp Api App */;
			targetProxy = 7FE09A1A1C08D75000ACB80A /* PBXContainerItemProxy */;
		};
/* End PBXTargetDependency section */

/* Begin PBXVariantGroup section */
		7FE09A061C08D74F00ACB80A /* LaunchScreen.storyboard */ = {
			isa = PBXVariantGroup;
			children = (
				7FE09A071C08D74F00ACB80A /* Base */,
			);
			name = LaunchScreen.storyboard;
			sourceTree = "<group>";
		};
/* End PBXVariantGroup section */

/* Begin XCBuildConfiguration section */
		7FE09A201C08D75000ACB80A /* Debug */ = {
			isa = XCBuildConfiguration;
			buildSettings = {
				ALWAYS_SEARCH_USER_PATHS = NO;
				CLANG_CXX_LANGUAGE_STANDARD = "gnu++0x";
				CLANG_CXX_LIBRARY = "libc++";
				CLANG_ENABLE_MODULES = YES;
				CLANG_ENABLE_OBJC_ARC = YES;
				CLANG_WARN_BOOL_CONVERSION = YES;
				CLANG_WARN_CONSTANT_CONVERSION = YES;
				CLANG_WARN_DIRECT_OBJC_ISA_USAGE = YES_ERROR;
				CLANG_WARN_EMPTY_BODY = YES;
				CLANG_WARN_ENUM_CONVERSION = YES;
				CLANG_WARN_INT_CONVERSION = YES;
				CLANG_WARN_OBJC_ROOT_CLASS = YES_ERROR;
				CLANG_WARN_UNREACHABLE_CODE = YES;
				CLANG_WARN__DUPLICATE_METHOD_MATCH = YES;
				"CODE_SIGN_IDENTITY[sdk=iphoneos*]" = "iPhone Developer";
				COPY_PHASE_STRIP = NO;
				DEBUG_INFORMATION_FORMAT = dwarf;
				ENABLE_STRICT_OBJC_MSGSEND = YES;
				ENABLE_TESTABILITY = YES;
				GCC_C_LANGUAGE_STANDARD = gnu99;
				GCC_DYNAMIC_NO_PIC = NO;
				GCC_NO_COMMON_BLOCKS = YES;
				GCC_OPTIMIZATION_LEVEL = 0;
				GCC_PREPROCESSOR_DEFINITIONS = (
					"DEBUG=1",
					"$(inherited)",
				);
				GCC_WARN_64_TO_32_BIT_CONVERSION = YES;
				GCC_WARN_ABOUT_RETURN_TYPE = YES_ERROR;
				GCC_WARN_UNDECLARED_SELECTOR = YES;
				GCC_WARN_UNINITIALIZED_AUTOS = YES_AGGRESSIVE;
				GCC_WARN_UNUSED_FUNCTION = YES;
				GCC_WARN_UNUSED_VARIABLE = YES;
				IPHONEOS_DEPLOYMENT_TARGET = 9.1;
				MTL_ENABLE_DEBUG_INFO = YES;
				ONLY_ACTIVE_ARCH = YES;
				SDKROOT = iphoneos;
				TARGETED_DEVICE_FAMILY = "1,2";
			};
			name = Debug;
		};
		7FE09A211C08D75000ACB80A /* Release */ = {
			isa = XCBuildConfiguration;
			buildSettings = {
				ALWAYS_SEARCH_USER_PATHS = NO;
				CLANG_CXX_LANGUAGE_STANDARD = "gnu++0x";
				CLANG_CXX_LIBRARY = "libc++";
				CLANG_ENABLE_MODULES = YES;
				CLANG_ENABLE_OBJC_ARC = YES;
				CLANG_WARN_BOOL_CONVERSION = YES;
				CLANG_WARN_CONSTANT_CONVERSION = YES;
				CLANG_WARN_DIRECT_OBJC_ISA_USAGE = YES_ERROR;
				CLANG_WARN_EMPTY_BODY = YES;
				CLANG_WARN_ENUM_CONVERSION = YES;
				CLANG_WARN_INT_CONVERSION = YES;
				CLANG_WARN_OBJC_ROOT_CLASS = YES_ERROR;
				CLANG_WARN_UNREACHABLE_CODE = YES;
				CLANG_WARN__DUPLICATE_METHOD_MATCH = YES;
				"CODE_SIGN_IDENTITY[sdk=iphoneos*]" = "iPhone Developer";
				COPY_PHASE_STRIP = NO;
				DEBUG_INFORMATION_FORMAT = "dwarf-with-dsym";
				ENABLE_NS_ASSERTIONS = NO;
				ENABLE_STRICT_OBJC_MSGSEND = YES;
				GCC_C_LANGUAGE_STANDARD = gnu99;
				GCC_NO_COMMON_BLOCKS = YES;
				GCC_WARN_64_TO_32_BIT_CONVERSION = YES;
				GCC_WARN_ABOUT_RETURN_TYPE = YES_ERROR;
				GCC_WARN_UNDECLARED_SELECTOR = YES;
				GCC_WARN_UNINITIALIZED_AUTOS = YES_AGGRESSIVE;
				GCC_WARN_UNUSED_FUNCTION = YES;
				GCC_WARN_UNUSED_VARIABLE = YES;
				IPHONEOS_DEPLOYMENT_TARGET = 9.1;
				MTL_ENABLE_DEBUG_INFO = NO;
				SDKROOT = iphoneos;
				TARGETED_DEVICE_FAMILY = "1,2";
				VALIDATE_PRODUCT = YES;
			};
			name = Release;
		};
		7FE09A231C08D75000ACB80A /* Debug */ = {
			isa = XCBuildConfiguration;
			baseConfigurationReference = 038BE9417CB2D15B2BD666B4 /* Pods.debug.xcconfig */;
			buildSettings = {
				ASSETCATALOG_COMPILER_APPICON_NAME = AppIcon;
				CODE_SIGN_IDENTITY = "iPhone Developer";
				"CODE_SIGN_IDENTITY[sdk=iphoneos*]" = "iPhone Developer";
				GCC_PRECOMPILE_PREFIX_HEADER = YES;
				GCC_PREFIX_HEADER = "$(SRCROOT)/Yelp Api App/YelpApiApp-Prefix.pch";
				INFOPLIST_FILE = "Yelp Api App/Info.plist";
				LD_RUNPATH_SEARCH_PATHS = "$(inherited) @executable_path/Frameworks";
				PRODUCT_BUNDLE_IDENTIFIER = "Jorge-Valbuena.Yelp-Api-App";
				PRODUCT_NAME = "$(TARGET_NAME)";
				PROVISIONING_PROFILE = "";
			};
			name = Debug;
		};
		7FE09A241C08D75000ACB80A /* Release */ = {
			isa = XCBuildConfiguration;
			baseConfigurationReference = 2EFF768F07EBE7DCF09F473F /* Pods.release.xcconfig */;
			buildSettings = {
				ASSETCATALOG_COMPILER_APPICON_NAME = AppIcon;
				CODE_SIGN_IDENTITY = "iPhone Developer";
				"CODE_SIGN_IDENTITY[sdk=iphoneos*]" = "iPhone Developer";
				GCC_PRECOMPILE_PREFIX_HEADER = YES;
				GCC_PREFIX_HEADER = "$(SRCROOT)/Yelp Api App/YelpApiApp-Prefix.pch";
				INFOPLIST_FILE = "Yelp Api App/Info.plist";
				LD_RUNPATH_SEARCH_PATHS = "$(inherited) @executable_path/Frameworks";
				PRODUCT_BUNDLE_IDENTIFIER = "Jorge-Valbuena.Yelp-Api-App";
				PRODUCT_NAME = "$(TARGET_NAME)";
				PROVISIONING_PROFILE = "";
			};
			name = Release;
		};
		7FE09A261C08D75000ACB80A /* Debug */ = {
			isa = XCBuildConfiguration;
			buildSettings = {
				BUNDLE_LOADER = "$(TEST_HOST)";
				INFOPLIST_FILE = "Yelp Api AppTests/Info.plist";
				LD_RUNPATH_SEARCH_PATHS = "$(inherited) @executable_path/Frameworks @loader_path/Frameworks";
				PRODUCT_BUNDLE_IDENTIFIER = "Jorge-Valbuena.Yelp-Api-AppTests";
				PRODUCT_NAME = "$(TARGET_NAME)";
				TEST_HOST = "$(BUILT_PRODUCTS_DIR)/Yelp Api App.app/Yelp Api App";
			};
			name = Debug;
		};
		7FE09A271C08D75000ACB80A /* Release */ = {
			isa = XCBuildConfiguration;
			buildSettings = {
				BUNDLE_LOADER = "$(TEST_HOST)";
				INFOPLIST_FILE = "Yelp Api AppTests/Info.plist";
				LD_RUNPATH_SEARCH_PATHS = "$(inherited) @executable_path/Frameworks @loader_path/Frameworks";
				PRODUCT_BUNDLE_IDENTIFIER = "Jorge-Valbuena.Yelp-Api-AppTests";
				PRODUCT_NAME = "$(TARGET_NAME)";
				TEST_HOST = "$(BUILT_PRODUCTS_DIR)/Yelp Api App.app/Yelp Api App";
			};
			name = Release;
		};
		7FE09A291C08D75000ACB80A /* Debug */ = {
			isa = XCBuildConfiguration;
			buildSettings = {
				INFOPLIST_FILE = "Yelp Api AppUITests/Info.plist";
				LD_RUNPATH_SEARCH_PATHS = "$(inherited) @executable_path/Frameworks @loader_path/Frameworks";
				PRODUCT_BUNDLE_IDENTIFIER = "Jorge-Valbuena.Yelp-Api-AppUITests";
				PRODUCT_NAME = "$(TARGET_NAME)";
				TEST_TARGET_NAME = "Yelp Api App";
				USES_XCTRUNNER = YES;
			};
			name = Debug;
		};
		7FE09A2A1C08D75000ACB80A /* Release */ = {
			isa = XCBuildConfiguration;
			buildSettings = {
				INFOPLIST_FILE = "Yelp Api AppUITests/Info.plist";
				LD_RUNPATH_SEARCH_PATHS = "$(inherited) @executable_path/Frameworks @loader_path/Frameworks";
				PRODUCT_BUNDLE_IDENTIFIER = "Jorge-Valbuena.Yelp-Api-AppUITests";
				PRODUCT_NAME = "$(TARGET_NAME)";
				TEST_TARGET_NAME = "Yelp Api App";
				USES_XCTRUNNER = YES;
			};
			name = Release;
		};
/* End XCBuildConfiguration section */

/* Begin XCConfigurationList section */
		7FE099F01C08D74F00ACB80A /* Build configuration list for PBXProject "Yelp Api App" */ = {
			isa = XCConfigurationList;
			buildConfigurations = (
				7FE09A201C08D75000ACB80A /* Debug */,
				7FE09A211C08D75000ACB80A /* Release */,
			);
			defaultConfigurationIsVisible = 0;
			defaultConfigurationName = Release;
		};
		7FE09A221C08D75000ACB80A /* Build configuration list for PBXNativeTarget "Yelp Api App" */ = {
			isa = XCConfigurationList;
			buildConfigurations = (
				7FE09A231C08D75000ACB80A /* Debug */,
				7FE09A241C08D75000ACB80A /* Release */,
			);
			defaultConfigurationIsVisible = 0;
			defaultConfigurationName = Release;
		};
		7FE09A251C08D75000ACB80A /* Build configuration list for PBXNativeTarget "Yelp Api AppTests" */ = {
			isa = XCConfigurationList;
			buildConfigurations = (
				7FE09A261C08D75000ACB80A /* Debug */,
				7FE09A271C08D75000ACB80A /* Release */,
			);
			defaultConfigurationIsVisible = 0;
			defaultConfigurationName = Release;
		};
		7FE09A281C08D75000ACB80A /* Build configuration list for PBXNativeTarget "Yelp Api AppUITests" */ = {
			isa = XCConfigurationList;
			buildConfigurations = (
				7FE09A291C08D75000ACB80A /* Debug */,
				7FE09A2A1C08D75000ACB80A /* Release */,
			);
			defaultConfigurationIsVisible = 0;
			defaultConfigurationName = Release;
		};
/* End XCConfigurationList section */
	};
	rootObject = 7FE099ED1C08D74F00ACB80A /* Project object */;
}
